Microsoft Visual Studio Solution File, Format Version 11.00
# Visual Studio 2013
Project("{3234D5DA-F265-9637-1742-36AB3C1F9F6A}") = "HiReSam", "HiReSam.vcxproj", "{78278351-DEE3-C0CC-4D23-CC3EE829B302}"
EndProject
Global
	GlobalSection(SolutionConfigurationPlatforms) = preSolution
		Debug|Win32 = Debug|Win32
		Release|Win32 = Release|Win32
	EndGlobalSection
	GlobalSection(ProjectConfigurationPlatforms) = postSolution
		{78278351-DEE3-C0CC-4D23-CC3EE829B302}.Debug|Win32.ActiveCfg = Debug|Win32
		{78278351-DEE3-C0CC-4D23-CC3EE829B302}.Debug|Win32.Build.0 = Debug|Win32
		{78278351-DEE3-C0CC-4D23-CC3EE829B302}.Release|Win32.ActiveCfg = Release|Win32
		{78278351-DEE3-C0CC-4D23-CC3EE829B302}.Release|Win32.Build.0 = Release|Win32
	EndGlobalSection
	GlobalSection(SolutionProperties) = preSolution
		HideSolutionNode = FALSE
	EndGlobalSection
EndGlobal
